
Microsoft Visual Studio Solution File, Format Version 12.00
# Visual Studio Version 16
VisualStudioVersion = 16.6.30114.105
MinimumVisualStudioVersion = 10.0.40219.1
Project("{FAE04EC0-301F-11D3-BF4B-00C04F79EFBC}") = "App", "App\App.csproj", "{5BCC445C-455A-4D64-87FC-C0B10D4B3D0F}"
EndProject
Project("{FAE04EC0-301F-11D3-BF4B-00C04F79EFBC}") = "Contracts", "Contracts\Contracts.csproj", "{00BB82A2-EA50-4233-A1A9-6F97AE3A6B96}"
EndProject
Project("{FAE04EC0-301F-11D3-BF4B-00C04F79EFBC}") = "Entities", "Entities\Entities.csproj", "{47837A8C-984C-420F-82E8-2C5B9401ED29}"
EndProject
Project("{FAE04EC0-301F-11D3-BF4B-00C04F79EFBC}") = "Logger", "Logger\Logger.csproj", "{4D4F1EEF-771F-4C9A-840D-E311722CDB5A}"
EndProject
Project("{FAE04EC0-301F-11D3-BF4B-00C04F79EFBC}") = "Repository", "Repository\Repository.csproj", "{0C812149-C69C-4429-AE84-6ACD3F869A1E}"
EndProject
Project("{FAE04EC0-301F-11D3-BF4B-00C04F79EFBC}") = "Data", "Data\Data.csproj", "{EAF07065-247D-4E41-BAEF-610B0E133C1A}"
EndProject
Project("{FAE04EC0-301F-11D3-BF4B-00C04F79EFBC}") = "Constants", "Constants\Constants.csproj", "{0C7EF06A-4E20-4295-88E7-06E9EFA659B4}"
EndProject
Project("{FAE04EC0-301F-11D3-BF4B-00C04F79EFBC}") = "Tests", "Tests\Tests.csproj", "{920E1AB1-92C6-4698-9566-939DD698F39B}"
EndProject
Project("{FAE04EC0-301F-11D3-BF4B-00C04F79EFBC}") = "Emailer", "Emailer\Emailer.csproj", "{E5A35D3E-559F-4D9B-8F12-658F4E992C12}"
EndProject
Global
	GlobalSection(SolutionConfigurationPlatforms) = preSolution
		Debug|Any CPU = Debug|Any CPU
		Debug|x64 = Debug|x64
		Debug|x86 = Debug|x86
		Release|Any CPU = Release|Any CPU
		Release|x64 = Release|x64
		Release|x86 = Release|x86
	EndGlobalSection
	GlobalSection(SolutionProperties) = preSolution
		HideSolutionNode = FALSE
	EndGlobalSection
	GlobalSection(ProjectConfigurationPlatforms) = postSolution
		{5BCC445C-455A-4D64-87FC-C0B10D4B3D0F}.Debug|Any CPU.ActiveCfg = Debug|Any CPU
		{5BCC445C-455A-4D64-87FC-C0B10D4B3D0F}.Debug|Any CPU.Build.0 = Debug|Any CPU
		{5BCC445C-455A-4D64-87FC-C0B10D4B3D0F}.Debug|x64.ActiveCfg = Debug|Any CPU
		{5BCC445C-455A-4D64-87FC-C0B10D4B3D0F}.Debug|x64.Build.0 = Debug|Any CPU
		{5BCC445C-455A-4D64-87FC-C0B10D4B3D0F}.Debug|x86.ActiveCfg = Debug|Any CPU
		{5BCC445C-455A-4D64-87FC-C0B10D4B3D0F}.Debug|x86.Build.0 = Debug|Any CPU
		{5BCC445C-455A-4D64-87FC-C0B10D4B3D0F}.Release|Any CPU.ActiveCfg = Release|Any CPU
		{5BCC445C-455A-4D64-87FC-C0B10D4B3D0F}.Release|Any CPU.Build.0 = Release|Any CPU
		{5BCC445C-455A-4D64-87FC-C0B10D4B3D0F}.Release|x64.ActiveCfg = Release|Any CPU
		{5BCC445C-455A-4D64-87FC-C0B10D4B3D0F}.Release|x64.Build.0 = Release|Any CPU
		{5BCC445C-455A-4D64-87FC-C0B10D4B3D0F}.Release|x86.ActiveCfg = Release|Any CPU
		{5BCC445C-455A-4D64-87FC-C0B10D4B3D0F}.Release|x86.Build.0 = Release|Any CPU
		{00BB82A2-EA50-4233-A1A9-6F97AE3A6B96}.Debug|Any CPU.ActiveCfg = Debug|Any CPU
		{00BB82A2-EA50-4233-A1A9-6F97AE3A6B96}.Debug|Any CPU.Build.0 = Debug|Any CPU
		{00BB82A2-EA50-4233-A1A9-6F97AE3A6B96}.Debug|x64.ActiveCfg = Debug|Any CPU
		{00BB82A2-EA50-4233-A1A9-6F97AE3A6B96}.Debug|x64.Build.0 = Debug|Any CPU
		{00BB82A2-EA50-4233-A1A9-6F97AE3A6B96}.Debug|x86.ActiveCfg = Debug|Any CPU
		{00BB82A2-EA50-4233-A1A9-6F97AE3A6B96}.Debug|x86.Build.0 = Debug|Any CPU
		{00BB82A2-EA50-4233-A1A9-6F97AE3A6B96}.Release|Any CPU.ActiveCfg = Release|Any CPU
		{00BB82A2-EA50-4233-A1A9-6F97AE3A6B96}.Release|Any CPU.Build.0 = Release|Any CPU
		{00BB82A2-EA50-4233-A1A9-6F97AE3A6B96}.Release|x64.ActiveCfg = Release|Any CPU
		{00BB82A2-EA50-4233-A1A9-6F97AE3A6B96}.Release|x64.Build.0 = Release|Any CPU
		{00BB82A2-EA50-4233-A1A9-6F97AE3A6B96}.Release|x86.ActiveCfg = Release|Any CPU
		{00BB82A2-EA50-4233-A1A9-6F97AE3A6B96}.Release|x86.Build.0 = Release|Any CPU
		{47837A8C-984C-420F-82E8-2C5B9401ED29}.Debug|Any CPU.ActiveCfg = Debug|Any CPU
		{47837A8C-984C-420F-82E8-2C5B9401ED29}.Debug|Any CPU.Build.0 = Debug|Any CPU
		{47837A8C-984C-420F-82E8-2C5B9401ED29}.Debug|x64.ActiveCfg = Debug|Any CPU
		{47837A8C-984C-420F-82E8-2C5B9401ED29}.Debug|x64.Build.0 = Debug|Any CPU
		{47837A8C-984C-420F-82E8-2C5B9401ED29}.Debug|x86.ActiveCfg = Debug|Any CPU
		{47837A8C-984C-420F-82E8-2C5B9401ED29}.Debug|x86.Build.0 = Debug|Any CPU
		{47837A8C-984C-420F-82E8-2C5B9401ED29}.Release|Any CPU.ActiveCfg = Release|Any CPU
		{47837A8C-984C-420F-82E8-2C5B9401ED29}.Release|Any CPU.Build.0 = Release|Any CPU
		{47837A8C-984C-420F-82E8-2C5B9401ED29}.Release|x64.ActiveCfg = Release|Any CPU
		{47837A8C-984C-420F-82E8-2C5B9401ED29}.Release|x64.Build.0 = Release|Any CPU
		{47837A8C-984C-420F-82E8-2C5B9401ED29}.Release|x86.ActiveCfg = Release|Any CPU
		{47837A8C-984C-420F-82E8-2C5B9401ED29}.Release|x86.Build.0 = Release|Any CPU
		{4D4F1EEF-771F-4C9A-840D-E311722CDB5A}.Debug|Any CPU.ActiveCfg = Debug|Any CPU
		{4D4F1EEF-771F-4C9A-840D-E311722CDB5A}.Debug|Any CPU.Build.0 = Debug|Any CPU
		{4D4F1EEF-771F-4C9A-840D-E311722CDB5A}.Debug|x64.ActiveCfg = Debug|Any CPU
		{4D4F1EEF-771F-4C9A-840D-E311722CDB5A}.Debug|x64.Build.0 = Debug|Any CPU
		{4D4F1EEF-771F-4C9A-840D-E311722CDB5A}.Debug|x86.ActiveCfg = Debug|Any CPU
		{4D4F1EEF-771F-4C9A-840D-E311722CDB5A}.Debug|x86.Build.0 = Debug|Any CPU
		{4D4F1EEF-771F-4C9A-840D-E311722CDB5A}.Release|Any CPU.ActiveCfg = Release|Any CPU
		{4D4F1EEF-771F-4C9A-840D-E311722CDB5A}.Release|Any CPU.Build.0 = Release|Any CPU
		{4D4F1EEF-771F-4C9A-840D-E311722CDB5A}.Release|x64.ActiveCfg = Release|Any CPU
		{4D4F1EEF-771F-4C9A-840D-E311722CDB5A}.Release|x64.Build.0 = Release|Any CPU
		{4D4F1EEF-771F-4C9A-840D-E311722CDB5A}.Release|x86.ActiveCfg = Release|Any CPU
		{4D4F1EEF-771F-4C9A-840D-E311722CDB5A}.Release|x86.Build.0 = Release|Any CPU
		{0C812149-C69C-4429-AE84-6ACD3F869A1E}.Debug|Any CPU.ActiveCfg = Debug|Any CPU
		{0C812149-C69C-4429-AE84-6ACD3F869A1E}.Debug|Any CPU.Build.0 = Debug|Any CPU
		{0C812149-C69C-4429-AE84-6ACD3F869A1E}.Debug|x64.ActiveCfg = Debug|Any CPU
		{0C812149-C69C-4429-AE84-6ACD3F869A1E}.Debug|x64.Build.0 = Debug|Any CPU
		{0C812149-C69C-4429-AE84-6ACD3F869A1E}.Debug|x86.ActiveCfg = Debug|Any CPU
		{0C812149-C69C-4429-AE84-6ACD3F869A1E}.Debug|x86.Build.0 = Debug|Any CPU
		{0C812149-C69C-4429-AE84-6ACD3F869A1E}.Release|Any CPU.ActiveCfg = Release|Any CPU
		{0C812149-C69C-4429-AE84-6ACD3F869A1E}.Release|Any CPU.Build.0 = Release|Any CPU
		{0C812149-C69C-4429-AE84-6ACD3F869A1E}.Release|x64.ActiveCfg = Release|Any CPU
		{0C812149-C69C-4429-AE84-6ACD3F869A1E}.Release|x64.Build.0 = Release|Any CPU
		{0C812149-C69C-4429-AE84-6ACD3F869A1E}.Release|x86.ActiveCfg = Release|Any CPU
		{0C812149-C69C-4429-AE84-6ACD3F869A1E}.Release|x86.Build.0 = Release|Any CPU
		{EAF07065-247D-4E41-BAEF-610B0E133C1A}.Debug|Any CPU.ActiveCfg = Debug|Any CPU
		{EAF07065-247D-4E41-BAEF-610B0E133C1A}.Debug|Any CPU.Build.0 = Debug|Any CPU
		{EAF07065-247D-4E41-BAEF-610B0E133C1A}.Debug|x64.ActiveCfg = Debug|Any CPU
		{EAF07065-247D-4E41-BAEF-610B0E133C1A}.Debug|x64.Build.0 = Debug|Any CPU
		{EAF07065-247D-4E41-BAEF-610B0E133C1A}.Debug|x86.ActiveCfg = Debug|Any CPU
		{EAF07065-247D-4E41-BAEF-610B0E133C1A}.Debug|x86.Build.0 = Debug|Any CPU
		{EAF07065-247D-4E41-BAEF-610B0E133C1A}.Release|Any CPU.ActiveCfg = Release|Any CPU
		{EAF07065-247D-4E41-BAEF-610B0E133C1A}.Release|Any CPU.Build.0 = Release|Any CPU
		{EAF07065-247D-4E41-BAEF-610B0E133C1A}.Release|x64.ActiveCfg = Release|Any CPU
		{EAF07065-247D-4E41-BAEF-610B0E133C1A}.Release|x64.Build.0 = Release|Any CPU
		{EAF07065-247D-4E41-BAEF-610B0E133C1A}.Release|x86.ActiveCfg = Release|Any CPU
		{EAF07065-247D-4E41-BAEF-610B0E133C1A}.Release|x86.Build.0 = Release|Any CPU
		{0C7EF06A-4E20-4295-88E7-06E9EFA659B4}.Debug|Any CPU.ActiveCfg = Debug|Any CPU
		{0C7EF06A-4E20-4295-88E7-06E9EFA659B4}.Debug|Any CPU.Build.0 = Debug|Any CPU
		{0C7EF06A-4E20-4295-88E7-06E9EFA659B4}.Debug|x64.ActiveCfg = Debug|Any CPU
		{0C7EF06A-4E20-4295-88E7-06E9EFA659B4}.Debug|x64.Build.0 = Debug|Any CPU
		{0C7EF06A-4E20-4295-88E7-06E9EFA659B4}.Debug|x86.ActiveCfg = Debug|Any CPU
		{0C7EF06A-4E20-4295-88E7-06E9EFA659B4}.Debug|x86.Build.0 = Debug|Any CPU
		{0C7EF06A-4E20-4295-88E7-06E9EFA659B4}.Release|Any CPU.ActiveCfg = Release|Any CPU
		{0C7EF06A-4E20-4295-88E7-06E9EFA659B4}.Release|Any CPU.Build.0 = Release|Any CPU
		{0C7EF06A-4E20-4295-88E7-06E9EFA659B4}.Release|x64.ActiveCfg = Release|Any CPU
		{0C7EF06A-4E20-4295-88E7-06E9EFA659B4}.Release|x64.Build.0 = Release|Any CPU
		{0C7EF06A-4E20-4295-88E7-06E9EFA659B4}.Release|x86.ActiveCfg = Release|Any CPU
		{0C7EF06A-4E20-4295-88E7-06E9EFA659B4}.Release|x86.Build.0 = Release|Any CPU
		{920E1AB1-92C6-4698-9566-939DD698F39B}.Debug|Any CPU.ActiveCfg = Debug|Any CPU
		{920E1AB1-92C6-4698-9566-939DD698F39B}.Debug|Any CPU.Build.0 = Debug|Any CPU
		{920E1AB1-92C6-4698-9566-939DD698F39B}.Debug|x64.ActiveCfg = Debug|Any CPU
		{920E1AB1-92C6-4698-9566-939DD698F39B}.Debug|x64.Build.0 = Debug|Any CPU
		{920E1AB1-92C6-4698-9566-939DD698F39B}.Debug|x86.ActiveCfg = Debug|Any CPU
		{920E1AB1-92C6-4698-9566-939DD698F39B}.Debug|x86.Build.0 = Debug|Any CPU
		{920E1AB1-92C6-4698-9566-939DD698F39B}.Release|Any CPU.ActiveCfg = Release|Any CPU
		{920E1AB1-92C6-4698-9566-939DD698F39B}.Release|Any CPU.Build.0 = Release|Any CPU
		{920E1AB1-92C6-4698-9566-939DD698F39B}.Release|x64.ActiveCfg = Release|Any CPU
		{920E1AB1-92C6-4698-9566-939DD698F39B}.Release|x64.Build.0 = Release|Any CPU
		{920E1AB1-92C6-4698-9566-939DD698F39B}.Release|x86.ActiveCfg = Release|Any CPU
		{920E1AB1-92C6-4698-9566-939DD698F39B}.Release|x86.Build.0 = Release|Any CPU
		{E5A35D3E-559F-4D9B-8F12-658F4E992C12}.Debug|Any CPU.ActiveCfg = Debug|Any CPU
		{E5A35D3E-559F-4D9B-8F12-658F4E992C12}.Debug|Any CPU.Build.0 = Debug|Any CPU
		{E5A35D3E-559F-4D9B-8F12-658F4E992C12}.Debug|x64.ActiveCfg = Debug|Any CPU
		{E5A35D3E-559F-4D9B-8F12-658F4E992C12}.Debug|x64.Build.0 = Debug|Any CPU
		{E5A35D3E-559F-4D9B-8F12-658F4E992C12}.Debug|x86.ActiveCfg = Debug|Any CPU
		{E5A35D3E-559F-4D9B-8F12-658F4E992C12}.Debug|x86.Build.0 = Debug|Any CPU
		{E5A35D3E-559F-4D9B-8F12-658F4E992C12}.Release|Any CPU.ActiveCfg = Release|Any CPU
		{E5A35D3E-559F-4D9B-8F12-658F4E992C12}.Release|Any CPU.Build.0 = Release|Any CPU
		{E5A35D3E-559F-4D9B-8F12-658F4E992C12}.Release|x64.ActiveCfg = Release|Any CPU
		{E5A35D3E-559F-4D9B-8F12-658F4E992C12}.Release|x64.Build.0 = Release|Any CPU
		{E5A35D3E-559F-4D9B-8F12-658F4E992C12}.Release|x86.ActiveCfg = Release|Any CPU
		{E5A35D3E-559F-4D9B-8F12-658F4E992C12}.Release|x86.Build.0 = Release|Any CPU
	EndGlobalSection
EndGlobal
